
Microsoft Visual Studio Solution File, Format Version 12.00
# Visual Studio Version 16
VisualStudioVersion = 25.0.1703.8
MinimumVisualStudioVersion = 10.0.40219.1
Project("{FAE04EC0-301F-11D3-BF4B-00C04F79EFBC}") = "EsercizioArray", "EsercizioArray.csproj", "{78901DA5-EF73-4B2A-BCB2-AA70B60C50BD}"
EndProject
Global
	GlobalSection(SolutionConfigurationPlatforms) = preSolution
		Debug|Any CPU = Debug|Any CPU
		Release|Any CPU = Release|Any CPU
	EndGlobalSection
	GlobalSection(ProjectConfigurationPlatforms) = postSolution
		{78901DA5-EF73-4B2A-BCB2-AA70B60C50BD}.Debug|Any CPU.ActiveCfg = Debug|Any CPU
		{78901DA5-EF73-4B2A-BCB2-AA70B60C50BD}.Debug|Any CPU.Build.0 = Debug|Any CPU
		{78901DA5-EF73-4B2A-BCB2-AA70B60C50BD}.Release|Any CPU.ActiveCfg = Release|Any CPU
		{78901DA5-EF73-4B2A-BCB2-AA70B60C50BD}.Release|Any CPU.Build.0 = Release|Any CPU
	EndGlobalSection
	GlobalSection(SolutionProperties) = preSolution
		HideSolutionNode = FALSE
	EndGlobalSection
	GlobalSection(ExtensibilityGlobals) = postSolution
		SolutionGuid = {0F3ED5E0-77A8-40EE-8FD4-C3E1F5930E53}
	EndGlobalSection
EndGlobal
